{
	"name": "@kubernetes-models/read-input",
	"version": "1.3.3",
	"lockfileVersion": 2,
	"requires": true,
	"packages": {
		"": {
			"name": "@kubernetes-models/read-input",
			"version": "1.3.2",
			"license": "MIT",
			"dependencies": {
				"base-x": "^3.0.8",
				"find-cache-dir": "^3.3.1",
				"get-stdin": "^8.0.0",
				"hasha": "^5.2.2",
				"make-dir": "^3.1.0",
				"request-promise-native": "^1.0.7",
				"tslib": "^2.2.0"
			},
			"devDependencies": {
				"@types/find-cache-dir": "^3.2.0",
				"@types/request-promise-native": "^1.0.17"
			},
			"engines": {
				"node": ">=10"
			}
		},
		"node_modules/@types/caseless": {
			"version": "0.12.2",
			"resolved": "https://registry.npmjs.org/@types/caseless/-/caseless-0.12.2.tgz",
			"integrity": "sha512-6ckxMjBBD8URvjB6J3NcnuAn5Pkl7t3TizAg+xdlzzQGSPSmBcXf8KoIH0ua/i+tio+ZRUHEXp0HEmvaR4kt0w==",
			"dev": true
		},
		"node_modules/@types/find-cache-dir": {
			"version": "3.2.0",
			"resolved": "https://registry.npmjs.org/@types/find-cache-dir/-/find-cache-dir-3.2.0.tgz",
			"integrity": "sha512-+JeT9qb2Jwzw72WdjU+TSvD5O1QRPWCeRpDJV+guiIq+2hwR0DFGw+nZNbTFjMIVe6Bf4GgAKeB/6Ytx6+MbeQ==",
			"dev": true
		},
		"node_modules/@types/node": {
			"version": "13.13.4",
			"resolved": "https://registry.npmjs.org/@types/node/-/node-13.13.4.tgz",
			"integrity": "sha512-x26ur3dSXgv5AwKS0lNfbjpCakGIduWU1DU91Zz58ONRWrIKGunmZBNv4P7N+e27sJkiGDsw/3fT4AtsqQBrBA==",
			"dev": true
		},
		"node_modules/@types/request": {
			"version": "2.48.4",
			"resolved": "https://registry.npmjs.org/@types/request/-/request-2.48.4.tgz",
			"integrity": "sha512-W1t1MTKYR8PxICH+A4HgEIPuAC3sbljoEVfyZbeFJJDbr30guDspJri2XOaM2E+Un7ZjrihaDi7cf6fPa2tbgw==",
			"dev": true,
			"dependencies": {
				"@types/caseless": "*",
				"@types/node": "*",
				"@types/tough-cookie": "*",
				"form-data": "^2.5.0"
			}
		},
		"node_modules/@types/request-promise-native": {
			"version": "1.0.17",
			"resolved": "https://registry.npmjs.org/@types/request-promise-native/-/request-promise-native-1.0.17.tgz",
			"integrity": "sha512-05/d0WbmuwjtGMYEdHIBZ0tqMJJQ2AD9LG2F6rKNBGX1SSFR27XveajH//2N/XYtual8T9Axwl+4v7oBtPUZqg==",
			"dev": true,
			"dependencies": {
				"@types/request": "*"
			}
		},
		"node_modules/@types/tough-cookie": {
			"version": "4.0.0",
			"resolved": "https://registry.npmjs.org/@types/tough-cookie/-/tough-cookie-4.0.0.tgz",
			"integrity": "sha512-I99sngh224D0M7XgW1s120zxCt3VYQ3IQsuw3P3jbq5GG4yc79+ZjyKznyOGIQrflfylLgcfekeZW/vk0yng6A==",
			"dev": true
		},
		"node_modules/asynckit": {
			"version": "0.4.0",
			"resolved": "https://registry.npmjs.org/asynckit/-/asynckit-0.4.0.tgz",
			"integrity": "sha1-x57Zf380y48robyXkLzDZkdLS3k=",
			"dev": true
		},
		"node_modules/base-x": {
			"version": "3.0.8",
			"resolved": "https://registry.npmjs.org/base-x/-/base-x-3.0.8.tgz",
			"integrity": "sha512-Rl/1AWP4J/zRrk54hhlxH4drNxPJXYUaKffODVI53/dAsV4t9fBxyxYKAVPU1XBHxYwOWP9h9H0hM2MVw4YfJA==",
			"dependencies": {
				"safe-buffer": "^5.0.1"
			}
		},
		"node_modules/combined-stream": {
			"version": "1.0.8",
			"resolved": "https://registry.npmjs.org/combined-stream/-/combined-stream-1.0.8.tgz",
			"integrity": "sha512-FQN4MRfuJeHf7cBbBMJFXhKSDq+2kAArBlmRBvcvFE5BB1HZKXtSFASDhdlz9zOYwxh8lDdnvmMOe/+5cdoEdg==",
			"dev": true,
			"dependencies": {
				"delayed-stream": "~1.0.0"
			},
			"engines": {
				"node": ">= 0.8"
			}
		},
		"node_modules/commondir": {
			"version": "1.0.1",
			"resolved": "https://registry.npmjs.org/commondir/-/commondir-1.0.1.tgz",
			"integrity": "sha1-3dgA2gxmEnOTzKWVDqloo6rxJTs="
		},
		"node_modules/delayed-stream": {
			"version": "1.0.0",
			"resolved": "https://registry.npmjs.org/delayed-stream/-/delayed-stream-1.0.0.tgz",
			"integrity": "sha1-3zrhmayt+31ECqrgsp4icrJOxhk=",
			"dev": true,
			"engines": {
				"node": ">=0.4.0"
			}
		},
		"node_modules/find-cache-dir": {
			"version": "3.3.1",
			"resolved": "https://registry.npmjs.org/find-cache-dir/-/find-cache-dir-3.3.1.tgz",
			"integrity": "sha512-t2GDMt3oGC/v+BMwzmllWDuJF/xcDtE5j/fCGbqDD7OLuJkj0cfh1YSA5VKPvwMeLFLNDBkwOKZ2X85jGLVftQ==",
			"dependencies": {
				"commondir": "^1.0.1",
				"make-dir": "^3.0.2",
				"pkg-dir": "^4.1.0"
			},
			"engines": {
				"node": ">=8"
			}
		},
		"node_modules/find-up": {
			"version": "4.1.0",
			"resolved": "https://registry.npmjs.org/find-up/-/find-up-4.1.0.tgz",
			"integrity": "sha512-PpOwAdQ/YlXQ2vj8a3h8IipDuYRi3wceVQQGYWxNINccq40Anw7BlsEXCMbt1Zt+OLA6Fq9suIpIWD0OsnISlw==",
			"dependencies": {
				"locate-path": "^5.0.0",
				"path-exists": "^4.0.0"
			},
			"engines": {
				"node": ">=8"
			}
		},
		"node_modules/form-data": {
			"version": "2.5.1",
			"resolved": "https://registry.npmjs.org/form-data/-/form-data-2.5.1.tgz",
			"integrity": "sha512-m21N3WOmEEURgk6B9GLOE4RuWOFf28Lhh9qGYeNlGq4VDXUlJy2th2slBNU8Gp8EzloYZOibZJ7t5ecIrFSjVA==",
			"dev": true,
			"dependencies": {
				"asynckit": "^0.4.0",
				"combined-stream": "^1.0.6",
				"mime-types": "^2.1.12"
			},
			"engines": {
				"node": ">= 0.12"
			}
		},
		"node_modules/get-stdin": {
			"version": "8.0.0",
			"resolved": "https://registry.npmjs.org/get-stdin/-/get-stdin-8.0.0.tgz",
			"integrity": "sha512-sY22aA6xchAzprjyqmSEQv4UbAAzRN0L2dQB0NlN5acTTK9Don6nhoc3eAbUnpZiCANAMfd/+40kVdKfFygohg==",
			"engines": {
				"node": ">=10"
			}
		},
		"node_modules/hasha": {
			"version": "5.2.2",
			"resolved": "https://registry.npmjs.org/hasha/-/hasha-5.2.2.tgz",
			"integrity": "sha512-Hrp5vIK/xr5SkeN2onO32H0MgNZ0f17HRNH39WfL0SYUNOTZ5Lz1TJ8Pajo/87dYGEFlLMm7mIc/k/s6Bvz9HQ==",
			"dependencies": {
				"is-stream": "^2.0.0",
				"type-fest": "^0.8.0"
			},
			"engines": {
				"node": ">=8"
			}
		},
		"node_modules/is-stream": {
			"version": "2.0.0",
			"resolved": "https://registry.npmjs.org/is-stream/-/is-stream-2.0.0.tgz",
			"integrity": "sha512-XCoy+WlUr7d1+Z8GgSuXmpuUFC9fOhRXglJMx+dwLKTkL44Cjd4W1Z5P+BQZpr+cR93aGP4S/s7Ftw6Nd/kiEw==",
			"engines": {
				"node": ">=8"
			}
		},
		"node_modules/locate-path": {
			"version": "5.0.0",
			"resolved": "https://registry.npmjs.org/locate-path/-/locate-path-5.0.0.tgz",
			"integrity": "sha512-t7hw9pI+WvuwNJXwk5zVHpyhIqzg2qTlklJOf0mVxGSbe3Fp2VieZcduNYjaLDoy6p9uGpQEGWG87WpMKlNq8g==",
			"dependencies": {
				"p-locate": "^4.1.0"
			},
			"engines": {
				"node": ">=8"
			}
		},
		"node_modules/lodash": {
			"version": "4.17.19",
			"resolved": "https://registry.npmjs.org/lodash/-/lodash-4.17.19.tgz",
			"integrity": "sha512-JNvd8XER9GQX0v2qJgsaN/mzFCNA5BRe/j8JN9d+tWyGLSodKQHKFicdwNYzWwI3wjRnaKPsGj1XkBjx/F96DQ=="
		},
		"node_modules/make-dir": {
			"version": "3.1.0",
			"resolved": "https://registry.npmjs.org/make-dir/-/make-dir-3.1.0.tgz",
			"integrity": "sha512-g3FeP20LNwhALb/6Cz6Dd4F2ngze0jz7tbzrD2wAV+o9FeNHe4rL+yK2md0J/fiSf1sa1ADhXqi5+oVwOM/eGw==",
			"dependencies": {
				"semver": "^6.0.0"
			},
			"engines": {
				"node": ">=8"
			}
		},
		"node_modules/mime-db": {
			"version": "1.44.0",
			"resolved": "https://registry.npmjs.org/mime-db/-/mime-db-1.44.0.tgz",
			"integrity": "sha512-/NOTfLrsPBVeH7YtFPgsVWveuL+4SjjYxaQ1xtM1KMFj7HdxlBlxeyNLzhyJVx7r4rZGJAZ/6lkKCitSc/Nmpg==",
			"dev": true,
			"engines": {
				"node": ">= 0.6"
			}
		},
		"node_modules/mime-types": {
			"version": "2.1.27",
			"resolved": "https://registry.npmjs.org/mime-types/-/mime-types-2.1.27.tgz",
			"integrity": "sha512-JIhqnCasI9yD+SsmkquHBxTSEuZdQX5BuQnS2Vc7puQQQ+8yiP5AY5uWhpdv4YL4VM5c6iliiYWPgJ/nJQLp7w==",
			"dev": true,
			"dependencies": {
				"mime-db": "1.44.0"
			},
			"engines": {
				"node": ">= 0.6"
			}
		},
		"node_modules/p-limit": {
			"version": "2.3.0",
			"resolved": "https://registry.npmjs.org/p-limit/-/p-limit-2.3.0.tgz",
			"integrity": "sha512-//88mFWSJx8lxCzwdAABTJL2MyWB12+eIY7MDL2SqLmAkeKU9qxRvWuSyTjm3FUmpBEMuFfckAIqEaVGUDxb6w==",
			"dependencies": {
				"p-try": "^2.0.0"
			},
			"engines": {
				"node": ">=6"
			}
		},
		"node_modules/p-locate": {
			"version": "4.1.0",
			"resolved": "https://registry.npmjs.org/p-locate/-/p-locate-4.1.0.tgz",
			"integrity": "sha512-R79ZZ/0wAxKGu3oYMlz8jy/kbhsNrS7SKZ7PxEHBgJ5+F2mtFW2fK2cOtBh1cHYkQsbzFV7I+EoRKe6Yt0oK7A==",
			"dependencies": {
				"p-limit": "^2.2.0"
			},
			"engines": {
				"node": ">=8"
			}
		},
		"node_modules/p-try": {
			"version": "2.2.0",
			"resolved": "https://registry.npmjs.org/p-try/-/p-try-2.2.0.tgz",
			"integrity": "sha512-R4nPAVTAU0B9D35/Gk3uJf/7XYbQcyohSKdvAxIRSNghFl4e71hVoGnBNQz9cWaXxO2I10KTC+3jMdvvoKw6dQ==",
			"engines": {
				"node": ">=6"
			}
		},
		"node_modules/path-exists": {
			"version": "4.0.0",
			"resolved": "https://registry.npmjs.org/path-exists/-/path-exists-4.0.0.tgz",
			"integrity": "sha512-ak9Qy5Q7jYb2Wwcey5Fpvg2KoAc/ZIhLSLOSBmRmygPsGwkVVt0fZa0qrtMz+m6tJTAHfZQ8FnmB4MG4LWy7/w==",
			"engines": {
				"node": ">=8"
			}
		},
		"node_modules/pkg-dir": {
			"version": "4.2.0",
			"resolved": "https://registry.npmjs.org/pkg-dir/-/pkg-dir-4.2.0.tgz",
			"integrity": "sha512-HRDzbaKjC+AOWVXxAU/x54COGeIv9eb+6CkDSQoNTt4XyWoIJvuPsXizxu/Fr23EiekbtZwmh1IcIG/l/a10GQ==",
			"dependencies": {
				"find-up": "^4.0.0"
			},
			"engines": {
				"node": ">=8"
			}
		},
		"node_modules/psl": {
			"version": "1.8.0",
			"resolved": "https://registry.npmjs.org/psl/-/psl-1.8.0.tgz",
			"integrity": "sha512-RIdOzyoavK+hA18OGGWDqUTsCLhtA7IcZ/6NCs4fFJaHBDab+pDDmDIByWFRQJq2Cd7r1OoQxBGKOaztq+hjIQ=="
		},
		"node_modules/punycode": {
			"version": "2.1.1",
			"resolved": "https://registry.npmjs.org/punycode/-/punycode-2.1.1.tgz",
			"integrity": "sha512-XRsRjdf+j5ml+y/6GKHPZbrF/8p2Yga0JPtdqTIY2Xe5ohJPD9saDJJLPvp9+NSBprVvevdXZybnj2cv8OEd0A==",
			"engines": {
				"node": ">=6"
			}
		},
		"node_modules/request-promise-core": {
			"version": "1.1.3",
			"resolved": "https://registry.npmjs.org/request-promise-core/-/request-promise-core-1.1.3.tgz",
			"integrity": "sha512-QIs2+ArIGQVp5ZYbWD5ZLCY29D5CfWizP8eWnm8FoGD1TX61veauETVQbrV60662V0oFBkrDOuaBI8XgtuyYAQ==",
			"dependencies": {
				"lodash": "^4.17.15"
			},
			"engines": {
				"node": ">=0.10.0"
			}
		},
		"node_modules/request-promise-native": {
			"version": "1.0.8",
			"resolved": "https://registry.npmjs.org/request-promise-native/-/request-promise-native-1.0.8.tgz",
			"integrity": "sha512-dapwLGqkHtwL5AEbfenuzjTYg35Jd6KPytsC2/TLkVMz8rm+tNt72MGUWT1RP/aYawMpN6HqbNGBQaRcBtjQMQ==",
			"dependencies": {
				"request-promise-core": "1.1.3",
				"stealthy-require": "^1.1.1",
				"tough-cookie": "^2.3.3"
			},
			"engines": {
				"node": ">=0.12.0"
			}
		},
		"node_modules/safe-buffer": {
			"version": "5.2.0",
			"resolved": "https://registry.npmjs.org/safe-buffer/-/safe-buffer-5.2.0.tgz",
			"integrity": "sha512-fZEwUGbVl7kouZs1jCdMLdt95hdIv0ZeHg6L7qPeciMZhZ+/gdesW4wgTARkrFWEpspjEATAzUGPG8N2jJiwbg=="
		},
		"node_modules/semver": {
			"version": "6.3.0",
			"resolved": "https://registry.npmjs.org/semver/-/semver-6.3.0.tgz",
			"integrity": "sha512-b39TBaTSfV6yBrapU89p5fKekE2m/NwnDocOVruQFS1/veMgdzuPcnOM34M6CwxW8jH/lxEa5rBoDeUwu5HHTw==",
			"bin": {
				"semver": "bin/semver.js"
			}
		},
		"node_modules/stealthy-require": {
			"version": "1.1.1",
			"resolved": "https://registry.npmjs.org/stealthy-require/-/stealthy-require-1.1.1.tgz",
			"integrity": "sha1-NbCYdbT/SfJqd35QmzCQoyJr8ks=",
			"engines": {
				"node": ">=0.10.0"
			}
		},
		"node_modules/tough-cookie": {
			"version": "2.5.0",
			"resolved": "https://registry.npmjs.org/tough-cookie/-/tough-cookie-2.5.0.tgz",
			"integrity": "sha512-nlLsUzgm1kfLXSXfRZMc1KLAugd4hqJHDTvc2hDIwS3mZAfMEuMbc03SujMF+GEcpaX/qboeycw6iO8JwVv2+g==",
			"dependencies": {
				"psl": "^1.1.28",
				"punycode": "^2.1.1"
			},
			"engines": {
				"node": ">=0.8"
			}
		},
		"node_modules/tslib": {
			"version": "2.2.0",
			"resolved": "https://registry.npmjs.org/tslib/-/tslib-2.2.0.tgz",
			"integrity": "sha512-gS9GVHRU+RGn5KQM2rllAlR3dU6m7AcpJKdtH8gFvQiC4Otgk98XnmMU+nZenHt/+VhnBPWwgrJsyrdcw6i23w=="
		},
		"node_modules/type-fest": {
			"version": "0.8.1",
			"resolved": "https://registry.npmjs.org/type-fest/-/type-fest-0.8.1.tgz",
			"integrity": "sha512-4dbzIzqvjtgiM5rw1k5rEHtBANKmdudhGyBEajN01fEyhaAIhsoKNy6y7+IN93IfpFtwY9iqi7kD+xwKhQsNJA==",
			"engines": {
				"node": ">=8"
			}
		}
	},
	"dependencies": {
		"@types/caseless": {
			"version": "0.12.2",
			"resolved": "https://registry.npmjs.org/@types/caseless/-/caseless-0.12.2.tgz",
			"integrity": "sha512-6ckxMjBBD8URvjB6J3NcnuAn5Pkl7t3TizAg+xdlzzQGSPSmBcXf8KoIH0ua/i+tio+ZRUHEXp0HEmvaR4kt0w==",
			"dev": true
		},
		"@types/find-cache-dir": {
			"version": "3.2.0",
			"resolved": "https://registry.npmjs.org/@types/find-cache-dir/-/find-cache-dir-3.2.0.tgz",
			"integrity": "sha512-+JeT9qb2Jwzw72WdjU+TSvD5O1QRPWCeRpDJV+guiIq+2hwR0DFGw+nZNbTFjMIVe6Bf4GgAKeB/6Ytx6+MbeQ==",
			"dev": true
		},
		"@types/node": {
			"version": "13.13.4",
			"resolved": "https://registry.npmjs.org/@types/node/-/node-13.13.4.tgz",
			"integrity": "sha512-x26ur3dSXgv5AwKS0lNfbjpCakGIduWU1DU91Zz58ONRWrIKGunmZBNv4P7N+e27sJkiGDsw/3fT4AtsqQBrBA==",
			"dev": true
		},
		"@types/request": {
			"version": "2.48.4",
			"resolved": "https://registry.npmjs.org/@types/request/-/request-2.48.4.tgz",
			"integrity": "sha512-W1t1MTKYR8PxICH+A4HgEIPuAC3sbljoEVfyZbeFJJDbr30guDspJri2XOaM2E+Un7ZjrihaDi7cf6fPa2tbgw==",
			"dev": true,
			"requires": {
				"@types/caseless": "*",
				"@types/node": "*",
				"@types/tough-cookie": "*",
				"form-data": "^2.5.0"
			}
		},
		"@types/request-promise-native": {
			"version": "1.0.17",
			"resolved": "https://registry.npmjs.org/@types/request-promise-native/-/request-promise-native-1.0.17.tgz",
			"integrity": "sha512-05/d0WbmuwjtGMYEdHIBZ0tqMJJQ2AD9LG2F6rKNBGX1SSFR27XveajH//2N/XYtual8T9Axwl+4v7oBtPUZqg==",
			"dev": true,
			"requires": {
				"@types/request": "*"
			}
		},
		"@types/tough-cookie": {
			"version": "4.0.0",
			"resolved": "https://registry.npmjs.org/@types/tough-cookie/-/tough-cookie-4.0.0.tgz",
			"integrity": "sha512-I99sngh224D0M7XgW1s120zxCt3VYQ3IQsuw3P3jbq5GG4yc79+ZjyKznyOGIQrflfylLgcfekeZW/vk0yng6A==",
			"dev": true
		},
		"asynckit": {
			"version": "0.4.0",
			"resolved": "https://registry.npmjs.org/asynckit/-/asynckit-0.4.0.tgz",
			"integrity": "sha1-x57Zf380y48robyXkLzDZkdLS3k=",
			"dev": true
		},
		"base-x": {
			"version": "3.0.8",
			"resolved": "https://registry.npmjs.org/base-x/-/base-x-3.0.8.tgz",
			"integrity": "sha512-Rl/1AWP4J/zRrk54hhlxH4drNxPJXYUaKffODVI53/dAsV4t9fBxyxYKAVPU1XBHxYwOWP9h9H0hM2MVw4YfJA==",
			"requires": {
				"safe-buffer": "^5.0.1"
			}
		},
		"combined-stream": {
			"version": "1.0.8",
			"resolved": "https://registry.npmjs.org/combined-stream/-/combined-stream-1.0.8.tgz",
			"integrity": "sha512-FQN4MRfuJeHf7cBbBMJFXhKSDq+2kAArBlmRBvcvFE5BB1HZKXtSFASDhdlz9zOYwxh8lDdnvmMOe/+5cdoEdg==",
			"dev": true,
			"requires": {
				"delayed-stream": "~1.0.0"
			}
		},
		"commondir": {
			"version": "1.0.1",
			"resolved": "https://registry.npmjs.org/commondir/-/commondir-1.0.1.tgz",
			"integrity": "sha1-3dgA2gxmEnOTzKWVDqloo6rxJTs="
		},
		"delayed-stream": {
			"version": "1.0.0",
			"resolved": "https://registry.npmjs.org/delayed-stream/-/delayed-stream-1.0.0.tgz",
			"integrity": "sha1-3zrhmayt+31ECqrgsp4icrJOxhk=",
			"dev": true
		},
		"find-cache-dir": {
			"version": "3.3.1",
			"resolved": "https://registry.npmjs.org/find-cache-dir/-/find-cache-dir-3.3.1.tgz",
			"integrity": "sha512-t2GDMt3oGC/v+BMwzmllWDuJF/xcDtE5j/fCGbqDD7OLuJkj0cfh1YSA5VKPvwMeLFLNDBkwOKZ2X85jGLVftQ==",
			"requires": {
				"commondir": "^1.0.1",
				"make-dir": "^3.0.2",
				"pkg-dir": "^4.1.0"
			}
		},
		"find-up": {
			"version": "4.1.0",
			"resolved": "https://registry.npmjs.org/find-up/-/find-up-4.1.0.tgz",
			"integrity": "sha512-PpOwAdQ/YlXQ2vj8a3h8IipDuYRi3wceVQQGYWxNINccq40Anw7BlsEXCMbt1Zt+OLA6Fq9suIpIWD0OsnISlw==",
			"requires": {
				"locate-path": "^5.0.0",
				"path-exists": "^4.0.0"
			}
		},
		"form-data": {
			"version": "2.5.1",
			"resolved": "https://registry.npmjs.org/form-data/-/form-data-2.5.1.tgz",
			"integrity": "sha512-m21N3WOmEEURgk6B9GLOE4RuWOFf28Lhh9qGYeNlGq4VDXUlJy2th2slBNU8Gp8EzloYZOibZJ7t5ecIrFSjVA==",
			"dev": true,
			"requires": {
				"asynckit": "^0.4.0",
				"combined-stream": "^1.0.6",
				"mime-types": "^2.1.12"
			}
		},
		"get-stdin": {
			"version": "8.0.0",
			"resolved": "https://registry.npmjs.org/get-stdin/-/get-stdin-8.0.0.tgz",
			"integrity": "sha512-sY22aA6xchAzprjyqmSEQv4UbAAzRN0L2dQB0NlN5acTTK9Don6nhoc3eAbUnpZiCANAMfd/+40kVdKfFygohg=="
		},
		"hasha": {
			"version": "5.2.2",
			"resolved": "https://registry.npmjs.org/hasha/-/hasha-5.2.2.tgz",
			"integrity": "sha512-Hrp5vIK/xr5SkeN2onO32H0MgNZ0f17HRNH39WfL0SYUNOTZ5Lz1TJ8Pajo/87dYGEFlLMm7mIc/k/s6Bvz9HQ==",
			"requires": {
				"is-stream": "^2.0.0",
				"type-fest": "^0.8.0"
			}
		},
		"is-stream": {
			"version": "2.0.0",
			"resolved": "https://registry.npmjs.org/is-stream/-/is-stream-2.0.0.tgz",
			"integrity": "sha512-XCoy+WlUr7d1+Z8GgSuXmpuUFC9fOhRXglJMx+dwLKTkL44Cjd4W1Z5P+BQZpr+cR93aGP4S/s7Ftw6Nd/kiEw=="
		},
		"locate-path": {
			"version": "5.0.0",
			"resolved": "https://registry.npmjs.org/locate-path/-/locate-path-5.0.0.tgz",
			"integrity": "sha512-t7hw9pI+WvuwNJXwk5zVHpyhIqzg2qTlklJOf0mVxGSbe3Fp2VieZcduNYjaLDoy6p9uGpQEGWG87WpMKlNq8g==",
			"requires": {
				"p-locate": "^4.1.0"
			}
		},
		"lodash": {
			"version": "4.17.19",
			"resolved": "https://registry.npmjs.org/lodash/-/lodash-4.17.19.tgz",
			"integrity": "sha512-JNvd8XER9GQX0v2qJgsaN/mzFCNA5BRe/j8JN9d+tWyGLSodKQHKFicdwNYzWwI3wjRnaKPsGj1XkBjx/F96DQ=="
		},
		"make-dir": {
			"version": "3.1.0",
			"resolved": "https://registry.npmjs.org/make-dir/-/make-dir-3.1.0.tgz",
			"integrity": "sha512-g3FeP20LNwhALb/6Cz6Dd4F2ngze0jz7tbzrD2wAV+o9FeNHe4rL+yK2md0J/fiSf1sa1ADhXqi5+oVwOM/eGw==",
			"requires": {
				"semver": "^6.0.0"
			}
		},
		"mime-db": {
			"version": "1.44.0",
			"resolved": "https://registry.npmjs.org/mime-db/-/mime-db-1.44.0.tgz",
			"integrity": "sha512-/NOTfLrsPBVeH7YtFPgsVWveuL+4SjjYxaQ1xtM1KMFj7HdxlBlxeyNLzhyJVx7r4rZGJAZ/6lkKCitSc/Nmpg==",
			"dev": true
		},
		"mime-types": {
			"version": "2.1.27",
			"resolved": "https://registry.npmjs.org/mime-types/-/mime-types-2.1.27.tgz",
			"integrity": "sha512-JIhqnCasI9yD+SsmkquHBxTSEuZdQX5BuQnS2Vc7puQQQ+8yiP5AY5uWhpdv4YL4VM5c6iliiYWPgJ/nJQLp7w==",
			"dev": true,
			"requires": {
				"mime-db": "1.44.0"
			}
		},
		"p-limit": {
			"version": "2.3.0",
			"resolved": "https://registry.npmjs.org/p-limit/-/p-limit-2.3.0.tgz",
			"integrity": "sha512-//88mFWSJx8lxCzwdAABTJL2MyWB12+eIY7MDL2SqLmAkeKU9qxRvWuSyTjm3FUmpBEMuFfckAIqEaVGUDxb6w==",
			"requires": {
				"p-try": "^2.0.0"
			}
		},
		"p-locate": {
			"version": "4.1.0",
			"resolved": "https://registry.npmjs.org/p-locate/-/p-locate-4.1.0.tgz",
			"integrity": "sha512-R79ZZ/0wAxKGu3oYMlz8jy/kbhsNrS7SKZ7PxEHBgJ5+F2mtFW2fK2cOtBh1cHYkQsbzFV7I+EoRKe6Yt0oK7A==",
			"requires": {
				"p-limit": "^2.2.0"
			}
		},
		"p-try": {
			"version": "2.2.0",
			"resolved": "https://registry.npmjs.org/p-try/-/p-try-2.2.0.tgz",
			"integrity": "sha512-R4nPAVTAU0B9D35/Gk3uJf/7XYbQcyohSKdvAxIRSNghFl4e71hVoGnBNQz9cWaXxO2I10KTC+3jMdvvoKw6dQ=="
		},
		"path-exists": {
			"version": "4.0.0",
			"resolved": "https://registry.npmjs.org/path-exists/-/path-exists-4.0.0.tgz",
			"integrity": "sha512-ak9Qy5Q7jYb2Wwcey5Fpvg2KoAc/ZIhLSLOSBmRmygPsGwkVVt0fZa0qrtMz+m6tJTAHfZQ8FnmB4MG4LWy7/w=="
		},
		"pkg-dir": {
			"version": "4.2.0",
			"resolved": "https://registry.npmjs.org/pkg-dir/-/pkg-dir-4.2.0.tgz",
			"integrity": "sha512-HRDzbaKjC+AOWVXxAU/x54COGeIv9eb+6CkDSQoNTt4XyWoIJvuPsXizxu/Fr23EiekbtZwmh1IcIG/l/a10GQ==",
			"requires": {
				"find-up": "^4.0.0"
			}
		},
		"psl": {
			"version": "1.8.0",
			"resolved": "https://registry.npmjs.org/psl/-/psl-1.8.0.tgz",
			"integrity": "sha512-RIdOzyoavK+hA18OGGWDqUTsCLhtA7IcZ/6NCs4fFJaHBDab+pDDmDIByWFRQJq2Cd7r1OoQxBGKOaztq+hjIQ=="
		},
		"punycode": {
			"version": "2.1.1",
			"resolved": "https://registry.npmjs.org/punycode/-/punycode-2.1.1.tgz",
			"integrity": "sha512-XRsRjdf+j5ml+y/6GKHPZbrF/8p2Yga0JPtdqTIY2Xe5ohJPD9saDJJLPvp9+NSBprVvevdXZybnj2cv8OEd0A=="
		},
		"request-promise-core": {
			"version": "1.1.3",
			"resolved": "https://registry.npmjs.org/request-promise-core/-/request-promise-core-1.1.3.tgz",
			"integrity": "sha512-QIs2+ArIGQVp5ZYbWD5ZLCY29D5CfWizP8eWnm8FoGD1TX61veauETVQbrV60662V0oFBkrDOuaBI8XgtuyYAQ==",
			"requires": {
				"lodash": "^4.17.15"
			}
		},
		"request-promise-native": {
			"version": "1.0.8",
			"resolved": "https://registry.npmjs.org/request-promise-native/-/request-promise-native-1.0.8.tgz",
			"integrity": "sha512-dapwLGqkHtwL5AEbfenuzjTYg35Jd6KPytsC2/TLkVMz8rm+tNt72MGUWT1RP/aYawMpN6HqbNGBQaRcBtjQMQ==",
			"requires": {
				"request-promise-core": "1.1.3",
				"stealthy-require": "^1.1.1",
				"tough-cookie": "^2.3.3"
			}
		},
		"safe-buffer": {
			"version": "5.2.0",
			"resolved": "https://registry.npmjs.org/safe-buffer/-/safe-buffer-5.2.0.tgz",
			"integrity": "sha512-fZEwUGbVl7kouZs1jCdMLdt95hdIv0ZeHg6L7qPeciMZhZ+/gdesW4wgTARkrFWEpspjEATAzUGPG8N2jJiwbg=="
		},
		"semver": {
			"version": "6.3.0",
			"resolved": "https://registry.npmjs.org/semver/-/semver-6.3.0.tgz",
			"integrity": "sha512-b39TBaTSfV6yBrapU89p5fKekE2m/NwnDocOVruQFS1/veMgdzuPcnOM34M6CwxW8jH/lxEa5rBoDeUwu5HHTw=="
		},
		"stealthy-require": {
			"version": "1.1.1",
			"resolved": "https://registry.npmjs.org/stealthy-require/-/stealthy-require-1.1.1.tgz",
			"integrity": "sha1-NbCYdbT/SfJqd35QmzCQoyJr8ks="
		},
		"tough-cookie": {
			"version": "2.5.0",
			"resolved": "https://registry.npmjs.org/tough-cookie/-/tough-cookie-2.5.0.tgz",
			"integrity": "sha512-nlLsUzgm1kfLXSXfRZMc1KLAugd4hqJHDTvc2hDIwS3mZAfMEuMbc03SujMF+GEcpaX/qboeycw6iO8JwVv2+g==",
			"requires": {
				"psl": "^1.1.28",
				"punycode": "^2.1.1"
			}
		},
		"tslib": {
			"version": "2.2.0",
			"resolved": "https://registry.npmjs.org/tslib/-/tslib-2.2.0.tgz",
			"integrity": "sha512-gS9GVHRU+RGn5KQM2rllAlR3dU6m7AcpJKdtH8gFvQiC4Otgk98XnmMU+nZenHt/+VhnBPWwgrJsyrdcw6i23w=="
		},
		"type-fest": {
			"version": "0.8.1",
			"resolved": "https://registry.npmjs.org/type-fest/-/type-fest-0.8.1.tgz",
			"integrity": "sha512-4dbzIzqvjtgiM5rw1k5rEHtBANKmdudhGyBEajN01fEyhaAIhsoKNy6y7+IN93IfpFtwY9iqi7kD+xwKhQsNJA=="
		}
	}
}
