{
	"name": "@kubernetes-models/crd-generate",
	"version": "1.4.1",
	"lockfileVersion": 2,
	"requires": true,
	"packages": {
		"": {
			"name": "@kubernetes-models/crd-generate",
			"version": "1.4.1",
			"license": "MIT",
			"dependencies": {
				"js-yaml": "^3.14.0",
				"lodash.mapvalues": "^4.6.0",
				"lodash.set": "^4.3.2",
				"make-dir": "^3.1.0",
				"tslib": "^2.0.3",
				"yargs": "^16.0.3"
			},
			"bin": {
				"crd-generate": "bin/crd-generate.js"
			},
			"devDependencies": {
				"@types/js-yaml": "^3.12.5",
				"@types/lodash.mapvalues": "^4.6.6",
				"@types/lodash.set": "^4.3.6",
				"@types/yargs": "^15.0.8"
			},
			"engines": {
				"node": ">=10"
			}
		},
		"node_modules/@types/js-yaml": {
			"version": "3.12.5",
			"resolved": "https://registry.npmjs.org/@types/js-yaml/-/js-yaml-3.12.5.tgz",
			"integrity": "sha512-JCcp6J0GV66Y4ZMDAQCXot4xprYB+Zfd3meK9+INSJeVZwJmHAW30BBEEkPzXswMXuiyReUGOP3GxrADc9wPww==",
			"dev": true
		},
		"node_modules/@types/lodash": {
			"version": "4.14.162",
			"resolved": "https://registry.npmjs.org/@types/lodash/-/lodash-4.14.162.tgz",
			"integrity": "sha512-alvcho1kRUnnD1Gcl4J+hK0eencvzq9rmzvFPRmP5rPHx9VVsJj6bKLTATPVf9ktgv4ujzh7T+XWKp+jhuODig==",
			"dev": true
		},
		"node_modules/@types/lodash.mapvalues": {
			"version": "4.6.6",
			"resolved": "https://registry.npmjs.org/@types/lodash.mapvalues/-/lodash.mapvalues-4.6.6.tgz",
			"integrity": "sha512-Mt9eg3AqwAt5HShuOu8taiIYg0sLl4w3vDi0++E0VtiOtj9DqQHaxVr3wicVop0eDEqr5ENbht7vsLJlkMHL+w==",
			"dev": true,
			"dependencies": {
				"@types/lodash": "*"
			}
		},
		"node_modules/@types/lodash.set": {
			"version": "4.3.6",
			"resolved": "https://registry.npmjs.org/@types/lodash.set/-/lodash.set-4.3.6.tgz",
			"integrity": "sha512-ZeGDDlnRYTvS31Laij0RsSaguIUSBTYIlJFKL3vm3T2OAZAQj2YpSvVWJc0WiG4jqg9fGX6PAPGvDqBcHfSgFg==",
			"dev": true,
			"dependencies": {
				"@types/lodash": "*"
			}
		},
		"node_modules/@types/yargs": {
			"version": "15.0.8",
			"resolved": "https://registry.npmjs.org/@types/yargs/-/yargs-15.0.8.tgz",
			"integrity": "sha512-b0BYzFUzBpOhPjpl1wtAHU994jBeKF4TKVlT7ssFv44T617XNcPdRoG4AzHLVshLzlrF7i3lTelH7UbuNYV58Q==",
			"dev": true,
			"dependencies": {
				"@types/yargs-parser": "*"
			}
		},
		"node_modules/@types/yargs-parser": {
			"version": "15.0.0",
			"resolved": "https://registry.npmjs.org/@types/yargs-parser/-/yargs-parser-15.0.0.tgz",
			"integrity": "sha512-FA/BWv8t8ZWJ+gEOnLLd8ygxH/2UFbAvgEonyfN6yWGLKc7zVjbpl2Y4CTjid9h2RfgPP6SEt6uHwEOply00yw==",
			"dev": true
		},
		"node_modules/ansi-regex": {
			"version": "5.0.0",
			"resolved": "https://registry.npmjs.org/ansi-regex/-/ansi-regex-5.0.0.tgz",
			"integrity": "sha512-bY6fj56OUQ0hU1KjFNDQuJFezqKdrAyFdIevADiqrWHwSlbmBNMHp5ak2f40Pm8JTFyM2mqxkG6ngkHO11f/lg==",
			"engines": {
				"node": ">=8"
			}
		},
		"node_modules/ansi-styles": {
			"version": "4.3.0",
			"resolved": "https://registry.npmjs.org/ansi-styles/-/ansi-styles-4.3.0.tgz",
			"integrity": "sha512-zbB9rCJAT1rbjiVDb2hqKFHNYLxgtk8NURxZ3IZwD3F6NtxbXZQCnnSi1Lkx+IDohdPlFp222wVALIheZJQSEg==",
			"dependencies": {
				"color-convert": "^2.0.1"
			},
			"engines": {
				"node": ">=8"
			}
		},
		"node_modules/argparse": {
			"version": "1.0.10",
			"resolved": "https://registry.npmjs.org/argparse/-/argparse-1.0.10.tgz",
			"integrity": "sha512-o5Roy6tNG4SL/FOkCAN6RzjiakZS25RLYFrcMttJqbdd8BWrnA+fGz57iN5Pb06pvBGvl5gQ0B48dJlslXvoTg==",
			"dependencies": {
				"sprintf-js": "~1.0.2"
			}
		},
		"node_modules/cliui": {
			"version": "7.0.1",
			"resolved": "https://registry.npmjs.org/cliui/-/cliui-7.0.1.tgz",
			"integrity": "sha512-rcvHOWyGyid6I1WjT/3NatKj2kDt9OdSHSXpyLXaMWFbKpGACNW8pRhhdPUq9MWUOdwn8Rz9AVETjF4105rZZQ==",
			"dependencies": {
				"string-width": "^4.2.0",
				"strip-ansi": "^6.0.0",
				"wrap-ansi": "^7.0.0"
			}
		},
		"node_modules/color-convert": {
			"version": "2.0.1",
			"resolved": "https://registry.npmjs.org/color-convert/-/color-convert-2.0.1.tgz",
			"integrity": "sha512-RRECPsj7iu/xb5oKYcsFHSppFNnsj/52OVTRKb4zP5onXwVF3zVmmToNcOfGC+CRDpfK/U584fMg38ZHCaElKQ==",
			"dependencies": {
				"color-name": "~1.1.4"
			},
			"engines": {
				"node": ">=7.0.0"
			}
		},
		"node_modules/color-name": {
			"version": "1.1.4",
			"resolved": "https://registry.npmjs.org/color-name/-/color-name-1.1.4.tgz",
			"integrity": "sha512-dOy+3AuW3a2wNbZHIuMZpTcgjGuLU/uBL/ubcZF9OXbDo8ff4O8yVp5Bf0efS8uEoYo5q4Fx7dY9OgQGXgAsQA=="
		},
		"node_modules/emoji-regex": {
			"version": "8.0.0",
			"resolved": "https://registry.npmjs.org/emoji-regex/-/emoji-regex-8.0.0.tgz",
			"integrity": "sha512-MSjYzcWNOA0ewAHpz0MxpYFvwg6yjy1NG3xteoqz644VCo/RPgnr1/GGt+ic3iJTzQ8Eu3TdM14SawnVUmGE6A=="
		},
		"node_modules/escalade": {
			"version": "3.1.1",
			"resolved": "https://registry.npmjs.org/escalade/-/escalade-3.1.1.tgz",
			"integrity": "sha512-k0er2gUkLf8O0zKJiAhmkTnJlTvINGv7ygDNPbeIsX/TJjGJZHuh9B2UxbsaEkmlEo9MfhrSzmhIlhRlI2GXnw==",
			"engines": {
				"node": ">=6"
			}
		},
		"node_modules/esprima": {
			"version": "4.0.1",
			"resolved": "https://registry.npmjs.org/esprima/-/esprima-4.0.1.tgz",
			"integrity": "sha512-eGuFFw7Upda+g4p+QHvnW0RyTX/SVeJBDM/gCtMARO0cLuT2HcEKnTPvhjV6aGeqrCB/sbNop0Kszm0jsaWU4A==",
			"bin": {
				"esparse": "bin/esparse.js",
				"esvalidate": "bin/esvalidate.js"
			},
			"engines": {
				"node": ">=4"
			}
		},
		"node_modules/get-caller-file": {
			"version": "2.0.5",
			"resolved": "https://registry.npmjs.org/get-caller-file/-/get-caller-file-2.0.5.tgz",
			"integrity": "sha512-DyFP3BM/3YHTQOCUL/w0OZHR0lpKeGrxotcHWcqNEdnltqFwXVfhEBQ94eIo34AfQpo0rGki4cyIiftY06h2Fg==",
			"engines": {
				"node": "6.* || 8.* || >= 10.*"
			}
		},
		"node_modules/is-fullwidth-code-point": {
			"version": "3.0.0",
			"resolved": "https://registry.npmjs.org/is-fullwidth-code-point/-/is-fullwidth-code-point-3.0.0.tgz",
			"integrity": "sha512-zymm5+u+sCsSWyD9qNaejV3DFvhCKclKdizYaJUuHA83RLjb7nSuGnddCHGv0hk+KY7BMAlsWeK4Ueg6EV6XQg==",
			"engines": {
				"node": ">=8"
			}
		},
		"node_modules/js-yaml": {
			"version": "3.14.0",
			"resolved": "https://registry.npmjs.org/js-yaml/-/js-yaml-3.14.0.tgz",
			"integrity": "sha512-/4IbIeHcD9VMHFqDR/gQ7EdZdLimOvW2DdcxFjdyyZ9NsbS+ccrXqVWDtab/lRl5AlUqmpBx8EhPaWR+OtY17A==",
			"dependencies": {
				"argparse": "^1.0.7",
				"esprima": "^4.0.0"
			},
			"bin": {
				"js-yaml": "bin/js-yaml.js"
			}
		},
		"node_modules/lodash.mapvalues": {
			"version": "4.6.0",
			"resolved": "https://registry.npmjs.org/lodash.mapvalues/-/lodash.mapvalues-4.6.0.tgz",
			"integrity": "sha1-G6+lAF3p3W9PJmaMMMo3IwzJaJw="
		},
		"node_modules/lodash.set": {
			"version": "4.3.2",
			"resolved": "https://registry.npmjs.org/lodash.set/-/lodash.set-4.3.2.tgz",
			"integrity": "sha1-2HV7HagH3eJIFrDWqEvqGnYjCyM="
		},
		"node_modules/make-dir": {
			"version": "3.1.0",
			"resolved": "https://registry.npmjs.org/make-dir/-/make-dir-3.1.0.tgz",
			"integrity": "sha512-g3FeP20LNwhALb/6Cz6Dd4F2ngze0jz7tbzrD2wAV+o9FeNHe4rL+yK2md0J/fiSf1sa1ADhXqi5+oVwOM/eGw==",
			"dependencies": {
				"semver": "^6.0.0"
			},
			"engines": {
				"node": ">=8"
			}
		},
		"node_modules/require-directory": {
			"version": "2.1.1",
			"resolved": "https://registry.npmjs.org/require-directory/-/require-directory-2.1.1.tgz",
			"integrity": "sha1-jGStX9MNqxyXbiNE/+f3kqam30I=",
			"engines": {
				"node": ">=0.10.0"
			}
		},
		"node_modules/semver": {
			"version": "6.3.0",
			"resolved": "https://registry.npmjs.org/semver/-/semver-6.3.0.tgz",
			"integrity": "sha512-b39TBaTSfV6yBrapU89p5fKekE2m/NwnDocOVruQFS1/veMgdzuPcnOM34M6CwxW8jH/lxEa5rBoDeUwu5HHTw==",
			"bin": {
				"semver": "bin/semver.js"
			}
		},
		"node_modules/sprintf-js": {
			"version": "1.0.3",
			"resolved": "https://registry.npmjs.org/sprintf-js/-/sprintf-js-1.0.3.tgz",
			"integrity": "sha1-BOaSb2YolTVPPdAVIDYzuFcpfiw="
		},
		"node_modules/string-width": {
			"version": "4.2.0",
			"resolved": "https://registry.npmjs.org/string-width/-/string-width-4.2.0.tgz",
			"integrity": "sha512-zUz5JD+tgqtuDjMhwIg5uFVV3dtqZ9yQJlZVfq4I01/K5Paj5UHj7VyrQOJvzawSVlKpObApbfD0Ed6yJc+1eg==",
			"dependencies": {
				"emoji-regex": "^8.0.0",
				"is-fullwidth-code-point": "^3.0.0",
				"strip-ansi": "^6.0.0"
			},
			"engines": {
				"node": ">=8"
			}
		},
		"node_modules/strip-ansi": {
			"version": "6.0.0",
			"resolved": "https://registry.npmjs.org/strip-ansi/-/strip-ansi-6.0.0.tgz",
			"integrity": "sha512-AuvKTrTfQNYNIctbR1K/YGTR1756GycPsg7b9bdV9Duqur4gv6aKqHXah67Z8ImS7WEz5QVcOtlfW2rZEugt6w==",
			"dependencies": {
				"ansi-regex": "^5.0.0"
			},
			"engines": {
				"node": ">=8"
			}
		},
		"node_modules/tslib": {
			"version": "2.0.3",
			"resolved": "https://registry.npmjs.org/tslib/-/tslib-2.0.3.tgz",
			"integrity": "sha512-uZtkfKblCEQtZKBF6EBXVZeQNl82yqtDQdv+eck8u7tdPxjLu2/lp5/uPW+um2tpuxINHWy3GhiccY7QgEaVHQ=="
		},
		"node_modules/wrap-ansi": {
			"version": "7.0.0",
			"resolved": "https://registry.npmjs.org/wrap-ansi/-/wrap-ansi-7.0.0.tgz",
			"integrity": "sha512-YVGIj2kamLSTxw6NsZjoBxfSwsn0ycdesmc4p+Q21c5zPuZ1pl+NfxVdxPtdHvmNVOQ6XSYG4AUtyt/Fi7D16Q==",
			"dependencies": {
				"ansi-styles": "^4.0.0",
				"string-width": "^4.1.0",
				"strip-ansi": "^6.0.0"
			},
			"engines": {
				"node": ">=10"
			}
		},
		"node_modules/y18n": {
			"version": "5.0.2",
			"resolved": "https://registry.npmjs.org/y18n/-/y18n-5.0.2.tgz",
			"integrity": "sha512-CkwaeZw6dQgqgPGeTWKMXCRmMcBgETFlTml1+ZOO+q7kGst8NREJ+eWwFNPVUQ4QGdAaklbqCZHH6Zuep1RjiA==",
			"engines": {
				"node": ">=10"
			}
		},
		"node_modules/yargs": {
			"version": "16.0.3",
			"resolved": "https://registry.npmjs.org/yargs/-/yargs-16.0.3.tgz",
			"integrity": "sha512-6+nLw8xa9uK1BOEOykaiYAJVh6/CjxWXK/q9b5FpRgNslt8s22F2xMBqVIKgCRjNgGvGPBy8Vog7WN7yh4amtA==",
			"dependencies": {
				"cliui": "^7.0.0",
				"escalade": "^3.0.2",
				"get-caller-file": "^2.0.5",
				"require-directory": "^2.1.1",
				"string-width": "^4.2.0",
				"y18n": "^5.0.1",
				"yargs-parser": "^20.0.0"
			},
			"engines": {
				"node": ">=10"
			}
		},
		"node_modules/yargs-parser": {
			"version": "20.2.1",
			"resolved": "https://registry.npmjs.org/yargs-parser/-/yargs-parser-20.2.1.tgz",
			"integrity": "sha512-yYsjuSkjbLMBp16eaOt7/siKTjNVjMm3SoJnIg3sEh/JsvqVVDyjRKmaJV4cl+lNIgq6QEco2i3gDebJl7/vLA==",
			"engines": {
				"node": ">=10"
			}
		}
	},
	"dependencies": {
		"@types/js-yaml": {
			"version": "3.12.5",
			"resolved": "https://registry.npmjs.org/@types/js-yaml/-/js-yaml-3.12.5.tgz",
			"integrity": "sha512-JCcp6J0GV66Y4ZMDAQCXot4xprYB+Zfd3meK9+INSJeVZwJmHAW30BBEEkPzXswMXuiyReUGOP3GxrADc9wPww==",
			"dev": true
		},
		"@types/lodash": {
			"version": "4.14.162",
			"resolved": "https://registry.npmjs.org/@types/lodash/-/lodash-4.14.162.tgz",
			"integrity": "sha512-alvcho1kRUnnD1Gcl4J+hK0eencvzq9rmzvFPRmP5rPHx9VVsJj6bKLTATPVf9ktgv4ujzh7T+XWKp+jhuODig==",
			"dev": true
		},
		"@types/lodash.mapvalues": {
			"version": "4.6.6",
			"resolved": "https://registry.npmjs.org/@types/lodash.mapvalues/-/lodash.mapvalues-4.6.6.tgz",
			"integrity": "sha512-Mt9eg3AqwAt5HShuOu8taiIYg0sLl4w3vDi0++E0VtiOtj9DqQHaxVr3wicVop0eDEqr5ENbht7vsLJlkMHL+w==",
			"dev": true,
			"requires": {
				"@types/lodash": "*"
			}
		},
		"@types/lodash.set": {
			"version": "4.3.6",
			"resolved": "https://registry.npmjs.org/@types/lodash.set/-/lodash.set-4.3.6.tgz",
			"integrity": "sha512-ZeGDDlnRYTvS31Laij0RsSaguIUSBTYIlJFKL3vm3T2OAZAQj2YpSvVWJc0WiG4jqg9fGX6PAPGvDqBcHfSgFg==",
			"dev": true,
			"requires": {
				"@types/lodash": "*"
			}
		},
		"@types/yargs": {
			"version": "15.0.8",
			"resolved": "https://registry.npmjs.org/@types/yargs/-/yargs-15.0.8.tgz",
			"integrity": "sha512-b0BYzFUzBpOhPjpl1wtAHU994jBeKF4TKVlT7ssFv44T617XNcPdRoG4AzHLVshLzlrF7i3lTelH7UbuNYV58Q==",
			"dev": true,
			"requires": {
				"@types/yargs-parser": "*"
			}
		},
		"@types/yargs-parser": {
			"version": "15.0.0",
			"resolved": "https://registry.npmjs.org/@types/yargs-parser/-/yargs-parser-15.0.0.tgz",
			"integrity": "sha512-FA/BWv8t8ZWJ+gEOnLLd8ygxH/2UFbAvgEonyfN6yWGLKc7zVjbpl2Y4CTjid9h2RfgPP6SEt6uHwEOply00yw==",
			"dev": true
		},
		"ansi-regex": {
			"version": "5.0.0",
			"resolved": "https://registry.npmjs.org/ansi-regex/-/ansi-regex-5.0.0.tgz",
			"integrity": "sha512-bY6fj56OUQ0hU1KjFNDQuJFezqKdrAyFdIevADiqrWHwSlbmBNMHp5ak2f40Pm8JTFyM2mqxkG6ngkHO11f/lg=="
		},
		"ansi-styles": {
			"version": "4.3.0",
			"resolved": "https://registry.npmjs.org/ansi-styles/-/ansi-styles-4.3.0.tgz",
			"integrity": "sha512-zbB9rCJAT1rbjiVDb2hqKFHNYLxgtk8NURxZ3IZwD3F6NtxbXZQCnnSi1Lkx+IDohdPlFp222wVALIheZJQSEg==",
			"requires": {
				"color-convert": "^2.0.1"
			}
		},
		"argparse": {
			"version": "1.0.10",
			"resolved": "https://registry.npmjs.org/argparse/-/argparse-1.0.10.tgz",
			"integrity": "sha512-o5Roy6tNG4SL/FOkCAN6RzjiakZS25RLYFrcMttJqbdd8BWrnA+fGz57iN5Pb06pvBGvl5gQ0B48dJlslXvoTg==",
			"requires": {
				"sprintf-js": "~1.0.2"
			}
		},
		"cliui": {
			"version": "7.0.1",
			"resolved": "https://registry.npmjs.org/cliui/-/cliui-7.0.1.tgz",
			"integrity": "sha512-rcvHOWyGyid6I1WjT/3NatKj2kDt9OdSHSXpyLXaMWFbKpGACNW8pRhhdPUq9MWUOdwn8Rz9AVETjF4105rZZQ==",
			"requires": {
				"string-width": "^4.2.0",
				"strip-ansi": "^6.0.0",
				"wrap-ansi": "^7.0.0"
			}
		},
		"color-convert": {
			"version": "2.0.1",
			"resolved": "https://registry.npmjs.org/color-convert/-/color-convert-2.0.1.tgz",
			"integrity": "sha512-RRECPsj7iu/xb5oKYcsFHSppFNnsj/52OVTRKb4zP5onXwVF3zVmmToNcOfGC+CRDpfK/U584fMg38ZHCaElKQ==",
			"requires": {
				"color-name": "~1.1.4"
			}
		},
		"color-name": {
			"version": "1.1.4",
			"resolved": "https://registry.npmjs.org/color-name/-/color-name-1.1.4.tgz",
			"integrity": "sha512-dOy+3AuW3a2wNbZHIuMZpTcgjGuLU/uBL/ubcZF9OXbDo8ff4O8yVp5Bf0efS8uEoYo5q4Fx7dY9OgQGXgAsQA=="
		},
		"emoji-regex": {
			"version": "8.0.0",
			"resolved": "https://registry.npmjs.org/emoji-regex/-/emoji-regex-8.0.0.tgz",
			"integrity": "sha512-MSjYzcWNOA0ewAHpz0MxpYFvwg6yjy1NG3xteoqz644VCo/RPgnr1/GGt+ic3iJTzQ8Eu3TdM14SawnVUmGE6A=="
		},
		"escalade": {
			"version": "3.1.1",
			"resolved": "https://registry.npmjs.org/escalade/-/escalade-3.1.1.tgz",
			"integrity": "sha512-k0er2gUkLf8O0zKJiAhmkTnJlTvINGv7ygDNPbeIsX/TJjGJZHuh9B2UxbsaEkmlEo9MfhrSzmhIlhRlI2GXnw=="
		},
		"esprima": {
			"version": "4.0.1",
			"resolved": "https://registry.npmjs.org/esprima/-/esprima-4.0.1.tgz",
			"integrity": "sha512-eGuFFw7Upda+g4p+QHvnW0RyTX/SVeJBDM/gCtMARO0cLuT2HcEKnTPvhjV6aGeqrCB/sbNop0Kszm0jsaWU4A=="
		},
		"get-caller-file": {
			"version": "2.0.5",
			"resolved": "https://registry.npmjs.org/get-caller-file/-/get-caller-file-2.0.5.tgz",
			"integrity": "sha512-DyFP3BM/3YHTQOCUL/w0OZHR0lpKeGrxotcHWcqNEdnltqFwXVfhEBQ94eIo34AfQpo0rGki4cyIiftY06h2Fg=="
		},
		"is-fullwidth-code-point": {
			"version": "3.0.0",
			"resolved": "https://registry.npmjs.org/is-fullwidth-code-point/-/is-fullwidth-code-point-3.0.0.tgz",
			"integrity": "sha512-zymm5+u+sCsSWyD9qNaejV3DFvhCKclKdizYaJUuHA83RLjb7nSuGnddCHGv0hk+KY7BMAlsWeK4Ueg6EV6XQg=="
		},
		"js-yaml": {
			"version": "3.14.0",
			"resolved": "https://registry.npmjs.org/js-yaml/-/js-yaml-3.14.0.tgz",
			"integrity": "sha512-/4IbIeHcD9VMHFqDR/gQ7EdZdLimOvW2DdcxFjdyyZ9NsbS+ccrXqVWDtab/lRl5AlUqmpBx8EhPaWR+OtY17A==",
			"requires": {
				"argparse": "^1.0.7",
				"esprima": "^4.0.0"
			}
		},
		"lodash.mapvalues": {
			"version": "4.6.0",
			"resolved": "https://registry.npmjs.org/lodash.mapvalues/-/lodash.mapvalues-4.6.0.tgz",
			"integrity": "sha1-G6+lAF3p3W9PJmaMMMo3IwzJaJw="
		},
		"lodash.set": {
			"version": "4.3.2",
			"resolved": "https://registry.npmjs.org/lodash.set/-/lodash.set-4.3.2.tgz",
			"integrity": "sha1-2HV7HagH3eJIFrDWqEvqGnYjCyM="
		},
		"make-dir": {
			"version": "3.1.0",
			"resolved": "https://registry.npmjs.org/make-dir/-/make-dir-3.1.0.tgz",
			"integrity": "sha512-g3FeP20LNwhALb/6Cz6Dd4F2ngze0jz7tbzrD2wAV+o9FeNHe4rL+yK2md0J/fiSf1sa1ADhXqi5+oVwOM/eGw==",
			"requires": {
				"semver": "^6.0.0"
			}
		},
		"require-directory": {
			"version": "2.1.1",
			"resolved": "https://registry.npmjs.org/require-directory/-/require-directory-2.1.1.tgz",
			"integrity": "sha1-jGStX9MNqxyXbiNE/+f3kqam30I="
		},
		"semver": {
			"version": "6.3.0",
			"resolved": "https://registry.npmjs.org/semver/-/semver-6.3.0.tgz",
			"integrity": "sha512-b39TBaTSfV6yBrapU89p5fKekE2m/NwnDocOVruQFS1/veMgdzuPcnOM34M6CwxW8jH/lxEa5rBoDeUwu5HHTw=="
		},
		"sprintf-js": {
			"version": "1.0.3",
			"resolved": "https://registry.npmjs.org/sprintf-js/-/sprintf-js-1.0.3.tgz",
			"integrity": "sha1-BOaSb2YolTVPPdAVIDYzuFcpfiw="
		},
		"string-width": {
			"version": "4.2.0",
			"resolved": "https://registry.npmjs.org/string-width/-/string-width-4.2.0.tgz",
			"integrity": "sha512-zUz5JD+tgqtuDjMhwIg5uFVV3dtqZ9yQJlZVfq4I01/K5Paj5UHj7VyrQOJvzawSVlKpObApbfD0Ed6yJc+1eg==",
			"requires": {
				"emoji-regex": "^8.0.0",
				"is-fullwidth-code-point": "^3.0.0",
				"strip-ansi": "^6.0.0"
			}
		},
		"strip-ansi": {
			"version": "6.0.0",
			"resolved": "https://registry.npmjs.org/strip-ansi/-/strip-ansi-6.0.0.tgz",
			"integrity": "sha512-AuvKTrTfQNYNIctbR1K/YGTR1756GycPsg7b9bdV9Duqur4gv6aKqHXah67Z8ImS7WEz5QVcOtlfW2rZEugt6w==",
			"requires": {
				"ansi-regex": "^5.0.0"
			}
		},
		"tslib": {
			"version": "2.0.3",
			"resolved": "https://registry.npmjs.org/tslib/-/tslib-2.0.3.tgz",
			"integrity": "sha512-uZtkfKblCEQtZKBF6EBXVZeQNl82yqtDQdv+eck8u7tdPxjLu2/lp5/uPW+um2tpuxINHWy3GhiccY7QgEaVHQ=="
		},
		"wrap-ansi": {
			"version": "7.0.0",
			"resolved": "https://registry.npmjs.org/wrap-ansi/-/wrap-ansi-7.0.0.tgz",
			"integrity": "sha512-YVGIj2kamLSTxw6NsZjoBxfSwsn0ycdesmc4p+Q21c5zPuZ1pl+NfxVdxPtdHvmNVOQ6XSYG4AUtyt/Fi7D16Q==",
			"requires": {
				"ansi-styles": "^4.0.0",
				"string-width": "^4.1.0",
				"strip-ansi": "^6.0.0"
			}
		},
		"y18n": {
			"version": "5.0.2",
			"resolved": "https://registry.npmjs.org/y18n/-/y18n-5.0.2.tgz",
			"integrity": "sha512-CkwaeZw6dQgqgPGeTWKMXCRmMcBgETFlTml1+ZOO+q7kGst8NREJ+eWwFNPVUQ4QGdAaklbqCZHH6Zuep1RjiA=="
		},
		"yargs": {
			"version": "16.0.3",
			"resolved": "https://registry.npmjs.org/yargs/-/yargs-16.0.3.tgz",
			"integrity": "sha512-6+nLw8xa9uK1BOEOykaiYAJVh6/CjxWXK/q9b5FpRgNslt8s22F2xMBqVIKgCRjNgGvGPBy8Vog7WN7yh4amtA==",
			"requires": {
				"cliui": "^7.0.0",
				"escalade": "^3.0.2",
				"get-caller-file": "^2.0.5",
				"require-directory": "^2.1.1",
				"string-width": "^4.2.0",
				"y18n": "^5.0.1",
				"yargs-parser": "^20.0.0"
			}
		},
		"yargs-parser": {
			"version": "20.2.1",
			"resolved": "https://registry.npmjs.org/yargs-parser/-/yargs-parser-20.2.1.tgz",
			"integrity": "sha512-yYsjuSkjbLMBp16eaOt7/siKTjNVjMm3SoJnIg3sEh/JsvqVVDyjRKmaJV4cl+lNIgq6QEco2i3gDebJl7/vLA=="
		}
	}
}
