{
	"name": "@kubernetes-models/base",
	"version": "1.5.5",
	"lockfileVersion": 2,
	"requires": true,
	"packages": {
		"": {
			"name": "@kubernetes-models/base",
			"version": "1.5.2",
			"license": "MIT",
			"dependencies": {
				"is-plain-object": "^5.0.0",
				"tslib": "^2.2.0"
			},
			"engines": {
				"node": ">=10"
			}
		},
		"node_modules/is-plain-object": {
			"version": "5.0.0",
			"resolved": "https://registry.npmjs.org/is-plain-object/-/is-plain-object-5.0.0.tgz",
			"integrity": "sha512-VRSzKkbMm5jMDoKLbltAkFQ5Qr7VDiTFGXxYFXXowVj387GeGNOCsOH6Msy00SGZ3Fp84b1Naa1psqgcCIEP5Q==",
			"engines": {
				"node": ">=0.10.0"
			}
		},
		"node_modules/tslib": {
			"version": "2.2.0",
			"resolved": "https://registry.npmjs.org/tslib/-/tslib-2.2.0.tgz",
			"integrity": "sha512-gS9GVHRU+RGn5KQM2rllAlR3dU6m7AcpJKdtH8gFvQiC4Otgk98XnmMU+nZenHt/+VhnBPWwgrJsyrdcw6i23w=="
		}
	},
	"dependencies": {
		"is-plain-object": {
			"version": "5.0.0",
			"resolved": "https://registry.npmjs.org/is-plain-object/-/is-plain-object-5.0.0.tgz",
			"integrity": "sha512-VRSzKkbMm5jMDoKLbltAkFQ5Qr7VDiTFGXxYFXXowVj387GeGNOCsOH6Msy00SGZ3Fp84b1Naa1psqgcCIEP5Q=="
		},
		"tslib": {
			"version": "2.2.0",
			"resolved": "https://registry.npmjs.org/tslib/-/tslib-2.2.0.tgz",
			"integrity": "sha512-gS9GVHRU+RGn5KQM2rllAlR3dU6m7AcpJKdtH8gFvQiC4Otgk98XnmMU+nZenHt/+VhnBPWwgrJsyrdcw6i23w=="
		}
	}
}
